github.com/BurntSushi/toml v1.1.0 h1:ksErzDEI1khOiGPgpwuI7x2ebx/uXQNw7xJpn9Eq1+I=
github.com/BurntSushi/toml v1.1.0/go.mod h1:CxXYINrC8qIiEnFrOxCa7Jy5BFHlXnUU2pbicEuybxQ=
github.com/davecgh/go-spew v1.1.0/go.mod h1:J7Y8YcW2NihsgmVo/mv3lAwl/skON4iLHjSsI+c5H38=
github.com/davecgh/go-spew v1.1.1 h1:vj9j/u1bqnvCEfJOwUhtlOARqs3+rkHYY13jYWTU97c=
github.com/davecgh/go-spew v1.1.1/go.mod h1:J7Y8YcW2NihsgmVo/mv3lAwl/skON4iLHjSsI+c5H38=
github.com/dimfeld/httppath v0.0.0-20170720192232-ee938bf73598 h1:MGKhKyiYrvMDZsmLR/+RGffQSXwEkXgfLSA08qDn9AI=
github.com/dimfeld/httppath v0.0.0-20170720192232-ee938bf73598/go.mod h1:0FpDmbrt36utu8jEmeU05dPC9AB5tsLYVVi+ZHfyuwI=
github.com/dimfeld/httptreemux/v5 v5.4.0 h1:IiHYEjh+A7pYbhWyjmGnj5HZK6gpOOvyBXCJ+BE8/Gs=
github.com/dimfeld/httptreemux/v5 v5.4.0/go.mod h1:QeEylH57C0v3VO0tkKraVz9oD3Uu93CKPnTLbsidvSw=
github.com/fsnotify/fsnotify v1.5.4 h1:jRbGcIw6P2Meqdwuo0H1p6JVLbL5DHKAKlYndzMwVZI=
github.com/fsnotify/fsnotify v1.5.4/go.mod h1:OVB6XrOHzAwXMpEM7uPOzcehqUV2UqJxmVXmkdnm1bU=
github.com/google/gxui v0.0.0-20151028112939-f85e0a97b3a4 h1:OL2d27ueTKnlQJoqLW2fc9pWYulFnJYLWzomGV7HqZo=
github.com/google/uuid v1.3.0 h1:t6JiXgmwXMjEs8VusXIJk2BXHsn+wx8BZdTaoZ5fu7I=
github.com/google/uuid v1.3.0/go.mod h1:TIyPZe4MgqvfeYDBFedMoGGpEw/LqOeaOT+nhxU+yHo=
github.com/gopherjs/gopherjs v0.0.0-20220104163920-15ed2e8cf2bd h1:D/H64OK+VY7O0guGbCQaFKwAZlU5t764R++kgIdAGog=
github.com/gopherjs/gopherjs v0.0.0-20220104163920-15ed2e8cf2bd/go.mod h1:cz9oNYuRUWGdHmLF2IodMLkAhcPtXeULvcBNagUrxTI=
github.com/gorilla/websocket v1.5.0 h1:PPwGk2jz7EePpoHN/+ClbZu8SPxiqlu12wZP/3sWmnc=
github.com/gorilla/websocket v1.5.0/go.mod h1:YR8l580nyteQvAITg2hZ9XVh4b55+EU/adAjf1fMHhE=
github.com/jaschaephraim/lrserver v0.0.0-20171129202958-50d19f603f71 h1:24NdJ5N6gtrcoeS4JwLMeruKFmg20QdF/5UnX5S/j18=
github.com/jaschaephraim/lrserver v0.0.0-20171129202958-50d19f603f71/go.mod h1:ozZLfjiLmXytkIUh200wMeuoQJ4ww06wN+KZtFP6j3g=
github.com/jtolds/gls v4.20.0+incompatible h1:xdiiI2gbIgH/gLH7ADydsJ1uDOEzR8yvV7C0MuV77Wo=
github.com/jtolds/gls v4.20.0+incompatible/go.mod h1:QJZ7F/aHp+rZTRtaJ1ow/lLfFfVYBRgL+9YlvaHOwJU=
github.com/kr/pretty v0.1.0/go.mod h1:dAy3ld7l9f0ibDNOQOHHMYYIIbhfbHSm3C4ZsoJORNo=
github.com/kr/pty v1.1.1/go.mod h1:pFQYn66WHrOpPYNljwOMqo10TkYh1fy3cYio2l3bCsQ=
github.com/kr/text v0.1.0/go.mod h1:4Jbv+DJW3UT/LiOwJeYQe1efqtUx/iVham/4vfdArNI=
github.com/kylelemons/godebug v1.1.0 h1:RPNrshWIDI6G2gRW9EHilWtl7Z6Sb1BR0xunSBf0SNc=
github.com/kylelemons/godebug v1.1.0/go.mod h1:9/0rRGxNHcop5bhtWyNeEfOS8JIWk580+fNqagV/RAw=
github.com/manveru/faker v0.0.0-20171103152722-9fbc68a78c4d h1:Zj+PHjnhRYWBK6RqCDBcAhLXoi3TzC27Zad/Vn+gnVQ=
github.com/manveru/faker v0.0.0-20171103152722-9fbc68a78c4d/go.mod h1:WZy8Q5coAB1zhY9AOBJP0O6J4BuDfbupUDavKY+I3+s=
github.com/manveru/gobdd v0.0.0-20131210092515-f1a17fdd710b h1:3E44bLeN8uKYdfQqVQycPnaVviZdBLbizFhU49mtbe4=
github.com/pmezard/go-difflib v1.0.0 h1:4DBwDE0NGyQoBHbLQYPwSUPoCMWR5BEzIk/f1lZbAQM=
github.com/pmezard/go-difflib v1.0.0/go.mod h1:iKH77koFhYxTK1pcRnkKkqfTogsbg7gZNVY4sRDYZ/4=
github.com/sergi/go-diff v1.2.0 h1:XU+rvMAioB0UC3q1MFrIQy4Vo5/4VsRDQQXHsEya6xQ=
github.com/sergi/go-diff v1.2.0/go.mod h1:STckp+ISIX8hZLjrqAeVduY0gWCT9IjLuqbuNXdaHfM=
github.com/smartystreets/assertions v1.2.1 h1:bKNHfEv7tSIjZ8JbKaFjzFINljxG4lzZvmHUnElzOIg=
github.com/smartystreets/assertions v1.2.1/go.mod h1:wDmR7qL282YbGsPy6H/yAsesrxfxaaSlJazyFLYVFx8=
github.com/smartystreets/goconvey v1.6.4 h1:fv0U8FUIMPNf1L9lnHLvLhgicrIVChEkdzIKYqbNC9s=
github.com/stretchr/objx v0.1.0/go.mod h1:HFkY916IF+rwdDfMAkV7OtwuqBVzrE8GR6GFx+wExME=
github.com/stretchr/testify v1.4.0 h1:2E4SXV/wtOkTonXsotYi4li6zVWxYlZuYNCXe9XRJyk=
github.com/stretchr/testify v1.4.0/go.mod h1:j7eGeouHqKxXV5pUuKE4zz7dFj8WfuZ+81PSLYec5m4=
github.com/zach-klippenstein/goregen v0.0.0-20160303162051-795b5e3961ea h1:CyhwejzVGvZ3Q2PSbQ4NRRYn+ZWv5eS1vlaEusT+bAI=
github.com/zach-klippenstein/goregen v0.0.0-20160303162051-795b5e3961ea/go.mod h1:eNr558nEUjP8acGw8FFjTeWvSgU1stO7FAO6eknhHe4=
goa.design/goa/v3 v3.7.5 h1:v3i4i/mc+1vxtzBkYly+Ro125lMLtVGUFcy6GkslVjI=
goa.design/goa/v3 v3.7.5/go.mod h1:OCCZWV0HyDl1bFeciHCWUhDB+hw3KzW6ROk3guu2ggQ=
golang.org/x/exp/typeparams v0.0.0-20220518171630-0b5c67f07fdf h1:dlXREQSzmXyzg1i/syQXzJ/b2fpSM9L41YcXqlo+OSs=
golang.org/x/exp/typeparams v0.0.0-20220518171630-0b5c67f07fdf/go.mod h1:AbB0pIl9nAr9wVwH+Z2ZpaocVmF5I4GyWCDIsVjR0bk=
golang.org/x/mod v0.6.0-dev.0.20220106191415-9b9b3d81d5e3 h1:kQgndtyPBW/JIYERgdxfwMYh3AVStj88WQTlNDi2a+o=
golang.org/x/mod v0.6.0-dev.0.20220106191415-9b9b3d81d5e3/go.mod h1:3p9vT2HGsQu2K1YbXdKPJLVgG5VJdoTa1poYQBtP1AY=
golang.org/x/mod v0.6.0-dev.0.20220419223038-86c51ed26bb4 h1:6zppjxzCulZykYSLyVDYbneBfbaBIQPYMevg0bEwv2s=
golang.org/x/mod v0.6.0-dev.0.20220419223038-86c51ed26bb4/go.mod h1:jJ57K6gSWd91VN4djpZkiMVwK6gcyfeH4XE8wZrZaV4=
golang.org/x/sys v0.0.0-20220412211240-33da011f77ad/go.mod h1:oPkhp1MJrh7nUepCBck5+mAzfO9JrbApNNgaTdGDITg=
golang.org/x/sys v0.0.0-20220517195934-5e4e11fc645e h1:w36l2Uw3dRan1K3TyXriXvY+6T56GNmlKGcqiQUJDfM=
golang.org/x/sys v0.0.0-20220517195934-5e4e11fc645e/go.mod h1:oPkhp1MJrh7nUepCBck5+mAzfO9JrbApNNgaTdGDITg=
golang.org/x/tools v0.1.10 h1:QjFRCZxdOhBJ/UNgnBZLbNV13DlbnK0quyivTnXJM20=
golang.org/x/tools v0.1.10/go.mod h1:Uh6Zz+xoGYZom868N8YTex3t7RhtHDBrE8Gzo9bV56E=
golang.org/x/tools v0.1.11-0.20220513221640-090b14e8501f h1:OKYpQQVE3DKSc3r3zHVzq46vq5YH7x8xpR3/k9ixmUg=
golang.org/x/tools v0.1.11-0.20220513221640-090b14e8501f/go.mod h1:SgwaegtQh8clINPpECJMqnxLv9I09HLqnW3RMqW0CA4=
golang.org/x/xerrors v0.0.0-20220517211312-f3a8303e98df h1:5Pf6pFKu98ODmgnpvkJ3kFUOQGGLIzLIkbzUHp47618=
golang.org/x/xerrors v0.0.0-20220517211312-f3a8303e98df/go.mod h1:K8+ghG5WaK9qNqU5K3HdILfMLy1f3aNYFI/wnl100a8=
gopkg.in/check.v1 v0.0.0-20161208181325-20d25e280405/go.mod h1:Co6ibVJAznAaIkqp8huTwlJQCZ016jof/cbN4VW5Yz0=
gopkg.in/check.v1 v1.0.0-20190902080502-41f04d3bba15/go.mod h1:Co6ibVJAznAaIkqp8huTwlJQCZ016jof/cbN4VW5Yz0=
gopkg.in/fsnotify.v1 v1.4.7 h1:xOHLXZwVvI9hhs+cLKq5+I5onOuwQLhQwiu63xxlHs4=
gopkg.in/fsnotify.v1 v1.4.7/go.mod h1:Tz8NjZHkW78fSQdbUxIjBTcgA1z1m8ZHf0WmKUhAMys=
gopkg.in/yaml.v2 v2.2.2/go.mod h1:hI93XBmqTisBFMUTm0b8Fm+jr3Dg1NNxqwp+5A1VGuI=
gopkg.in/yaml.v2 v2.2.4/go.mod h1:hI93XBmqTisBFMUTm0b8Fm+jr3Dg1NNxqwp+5A1VGuI=
gopkg.in/yaml.v2 v2.4.0 h1:D8xgwECY7CYvx+Y2n4sBz93Jn9JRvxdiyyo8CTfuKaY=
honnef.co/go/tools v0.3.2 h1:ytYb4rOqyp1TSa2EPvNVwtPQJctSELKaMyLfqNP4+34=
honnef.co/go/tools v0.3.2/go.mod h1:jzwdWgg7Jdq75wlfblQxO4neNaFFSvgc1tD5Wv8U0Yw=
